// !$*UTF8*$!
{
	archiveVersion = 1;
	classes = {
	};
	objectVersion = 50;
	objects = {

/* Begin PBXBuildFile section */
		2271D44799C35485EBDDC96F /* Pods_EmadyTravels.framework in Frameworks */ = {isa = PBXBuildFile; fileRef = 0B9C499791CED04F3026F79E /* Pods_EmadyTravels.framework */; };
		6A1A58AD2E933BD2267B1CC5 /* Pods_EmadyTravels_WatchKit_App.framework in Frameworks */ = {isa = PBXBuildFile; fileRef = A6087E30411AC2BD87FEA391 /* Pods_EmadyTravels_WatchKit_App.framework */; };
		983A02A622394BB30087C25F /* AppDelegate.swift in Sources */ = {isa = PBXBuildFile; fileRef = 983A02A522394BB30087C25F /* AppDelegate.swift */; };
		983A02A822394BB30087C25F /* ViewController.swift in Sources */ = {isa = PBXBuildFile; fileRef = 983A02A722394BB30087C25F /* ViewController.swift */; };
		983A02AB22394BB30087C25F /* Main.storyboard in Resources */ = {isa = PBXBuildFile; fileRef = 983A02A922394BB30087C25F /* Main.storyboard */; };
		983A02AD22394BB50087C25F /* Assets.xcassets in Resources */ = {isa = PBXBuildFile; fileRef = 983A02AC22394BB50087C25F /* Assets.xcassets */; };
		983A02B022394BB50087C25F /* LaunchScreen.storyboard in Resources */ = {isa = PBXBuildFile; fileRef = 983A02AE22394BB50087C25F /* LaunchScreen.storyboard */; };
		983A02B522394BB50087C25F /* EmadyTravels WatchKit App.app in Embed Watch Content */ = {isa = PBXBuildFile; fileRef = 983A02B422394BB50087C25F /* EmadyTravels WatchKit App.app */; };
		983A02BB22394BB50087C25F /* Interface.storyboard in Resources */ = {isa = PBXBuildFile; fileRef = 983A02B922394BB50087C25F /* Interface.storyboard */; };
		983A02BD22394BB60087C25F /* Assets.xcassets in Resources */ = {isa = PBXBuildFile; fileRef = 983A02BC22394BB60087C25F /* Assets.xcassets */; };
		983A02C422394BB60087C25F /* EmadyTravels WatchKit Extension.appex in Embed App Extensions */ = {isa = PBXBuildFile; fileRef = 983A02C322394BB60087C25F /* EmadyTravels WatchKit Extension.appex */; settings = {ATTRIBUTES = (RemoveHeadersOnCopy, ); }; };
		983A02C922394BB60087C25F /* InterfaceController.swift in Sources */ = {isa = PBXBuildFile; fileRef = 983A02C822394BB60087C25F /* InterfaceController.swift */; };
		983A02CB22394BB60087C25F /* ExtensionDelegate.swift in Sources */ = {isa = PBXBuildFile; fileRef = 983A02CA22394BB60087C25F /* ExtensionDelegate.swift */; };
		983A02CD22394BB60087C25F /* NotificationController.swift in Sources */ = {isa = PBXBuildFile; fileRef = 983A02CC22394BB60087C25F /* NotificationController.swift */; };
		983A02CF22394BB60087C25F /* ComplicationController.swift in Sources */ = {isa = PBXBuildFile; fileRef = 983A02CE22394BB60087C25F /* ComplicationController.swift */; };
		983A02D122394BB70087C25F /* Assets.xcassets in Resources */ = {isa = PBXBuildFile; fileRef = 983A02D022394BB70087C25F /* Assets.xcassets */; };
		98795AA2223B42790010CD67 /* SearchDataInterfaceController.swift in Sources */ = {isa = PBXBuildFile; fileRef = 98795AA1223B42790010CD67 /* SearchDataInterfaceController.swift */; };
		98795AA4223B43990010CD67 /* SearchDataRowController.swift in Sources */ = {isa = PBXBuildFile; fileRef = 98795AA3223B43990010CD67 /* SearchDataRowController.swift */; };
		A9EE3E482AB40B314AFD4602 /* Pods_EmadyTravels_WatchKit_Extension.framework in Frameworks */ = {isa = PBXBuildFile; fileRef = 9A6988C2D5C1DFB4E3969E89 /* Pods_EmadyTravels_WatchKit_Extension.framework */; };
/* End PBXBuildFile section */

/* Begin PBXContainerItemProxy section */
		983A02B622394BB50087C25F /* PBXContainerItemProxy */ = {
			isa = PBXContainerItemProxy;
			containerPortal = 983A029A22394BB30087C25F /* Project object */;
			proxyType = 1;
			remoteGlobalIDString = 983A02B322394BB50087C25F;
			remoteInfo = "EmadyTravels WatchKit App";
		};
		983A02C522394BB60087C25F /* PBXContainerItemProxy */ = {
			isa = PBXContainerItemProxy;
			containerPortal = 983A029A22394BB30087C25F /* Project object */;
			proxyType = 1;
			remoteGlobalIDString = 983A02C222394BB60087C25F;
			remoteInfo = "EmadyTravels WatchKit Extension";
		};
/* End PBXContainerItemProxy section */

/* Begin PBXCopyFilesBuildPhase section */
		983A02D922394BB70087C25F /* Embed App Extensions */ = {
			isa = PBXCopyFilesBuildPhase;
			buildActionMask = 2147483647;
			dstPath = "";
			dstSubfolderSpec = 13;
			files = (
				983A02C422394BB60087C25F /* EmadyTravels WatchKit Extension.appex in Embed App Extensions */,
			);
			name = "Embed App Extensions";
			runOnlyForDeploymentPostprocessing = 0;
		};
		983A02DD22394BB70087C25F /* Embed Watch Content */ = {
			isa = PBXCopyFilesBuildPhase;
			buildActionMask = 2147483647;
			dstPath = "$(CONTENTS_FOLDER_PATH)/Watch";
			dstSubfolderSpec = 16;
			files = (
				983A02B522394BB50087C25F /* EmadyTravels WatchKit App.app in Embed Watch Content */,
			);
			name = "Embed Watch Content";
			runOnlyForDeploymentPostprocessing = 0;
		};
/* End PBXCopyFilesBuildPhase section */

/* Begin PBXFileReference section */
		0B9C499791CED04F3026F79E /* Pods_EmadyTravels.framework */ = {isa = PBXFileReference; explicitFileType = wrapper.framework; includeInIndex = 0; path = Pods_EmadyTravels.framework; sourceTree = BUILT_PRODUCTS_DIR; };
		1FE86660C3BF23ED8FC9974F /* Pods-EmadyTravels WatchKit App.debug.xcconfig */ = {isa = PBXFileReference; includeInIndex = 1; lastKnownFileType = text.xcconfig; name = "Pods-EmadyTravels WatchKit App.debug.xcconfig"; path = "Target Support Files/Pods-EmadyTravels WatchKit App/Pods-EmadyTravels WatchKit App.debug.xcconfig"; sourceTree = "<group>"; };
		576E8A32E9FE06279143EC50 /* Pods-EmadyTravels.release.xcconfig */ = {isa = PBXFileReference; includeInIndex = 1; lastKnownFileType = text.xcconfig; name = "Pods-EmadyTravels.release.xcconfig"; path = "Target Support Files/Pods-EmadyTravels/Pods-EmadyTravels.release.xcconfig"; sourceTree = "<group>"; };
		8AA10E986BB9E6B94E0E8508 /* Pods-EmadyTravels.debug.xcconfig */ = {isa = PBXFileReference; includeInIndex = 1; lastKnownFileType = text.xcconfig; name = "Pods-EmadyTravels.debug.xcconfig"; path = "Target Support Files/Pods-EmadyTravels/Pods-EmadyTravels.debug.xcconfig"; sourceTree = "<group>"; };
		983A02A222394BB30087C25F /* EmadyTravels.app */ = {isa = PBXFileReference; explicitFileType = wrapper.application; includeInIndex = 0; path = EmadyTravels.app; sourceTree = BUILT_PRODUCTS_DIR; };
		983A02A522394BB30087C25F /* AppDelegate.swift */ = {isa = PBXFileReference; lastKnownFileType = sourcecode.swift; path = AppDelegate.swift; sourceTree = "<group>"; };
		983A02A722394BB30087C25F /* ViewController.swift */ = {isa = PBXFileReference; lastKnownFileType = sourcecode.swift; path = ViewController.swift; sourceTree = "<group>"; };
		983A02AA22394BB30087C25F /* Base */ = {isa = PBXFileReference; lastKnownFileType = file.storyboard; name = Base; path = Base.lproj/Main.storyboard; sourceTree = "<group>"; };
		983A02AC22394BB50087C25F /* Assets.xcassets */ = {isa = PBXFileReference; lastKnownFileType = folder.assetcatalog; path = Assets.xcassets; sourceTree = "<group>"; };
		983A02AF22394BB50087C25F /* Base */ = {isa = PBXFileReference; lastKnownFileType = file.storyboard; name = Base; path = Base.lproj/LaunchScreen.storyboard; sourceTree = "<group>"; };
		983A02B122394BB50087C25F /* Info.plist */ = {isa = PBXFileReference; lastKnownFileType = text.plist.xml; path = Info.plist; sourceTree = "<group>"; };
		983A02B422394BB50087C25F /* EmadyTravels WatchKit App.app */ = {isa = PBXFileReference; explicitFileType = wrapper.application; includeInIndex = 0; path = "EmadyTravels WatchKit App.app"; sourceTree = BUILT_PRODUCTS_DIR; };
		983A02BA22394BB50087C25F /* Base */ = {isa = PBXFileReference; lastKnownFileType = file.storyboard; name = Base; path = Base.lproj/Interface.storyboard; sourceTree = "<group>"; };
		983A02BC22394BB60087C25F /* Assets.xcassets */ = {isa = PBXFileReference; lastKnownFileType = folder.assetcatalog; path = Assets.xcassets; sourceTree = "<group>"; };
		983A02BE22394BB60087C25F /* Info.plist */ = {isa = PBXFileReference; lastKnownFileType = text.plist.xml; path = Info.plist; sourceTree = "<group>"; };
		983A02C322394BB60087C25F /* EmadyTravels WatchKit Extension.appex */ = {isa = PBXFileReference; explicitFileType = "wrapper.app-extension"; includeInIndex = 0; path = "EmadyTravels WatchKit Extension.appex"; sourceTree = BUILT_PRODUCTS_DIR; };
		983A02C822394BB60087C25F /* InterfaceController.swift */ = {isa = PBXFileReference; lastKnownFileType = sourcecode.swift; path = InterfaceController.swift; sourceTree = "<group>"; };
		983A02CA22394BB60087C25F /* ExtensionDelegate.swift */ = {isa = PBXFileReference; lastKnownFileType = sourcecode.swift; path = ExtensionDelegate.swift; sourceTree = "<group>"; };
		983A02CC22394BB60087C25F /* NotificationController.swift */ = {isa = PBXFileReference; lastKnownFileType = sourcecode.swift; path = NotificationController.swift; sourceTree = "<group>"; };
		983A02CE22394BB60087C25F /* ComplicationController.swift */ = {isa = PBXFileReference; lastKnownFileType = sourcecode.swift; path = ComplicationController.swift; sourceTree = "<group>"; };
		983A02D022394BB70087C25F /* Assets.xcassets */ = {isa = PBXFileReference; lastKnownFileType = folder.assetcatalog; path = Assets.xcassets; sourceTree = "<group>"; };
		983A02D222394BB70087C25F /* Info.plist */ = {isa = PBXFileReference; lastKnownFileType = text.plist.xml; path = Info.plist; sourceTree = "<group>"; };
		983A02D322394BB70087C25F /* PushNotificationPayload.apns */ = {isa = PBXFileReference; lastKnownFileType = text; path = PushNotificationPayload.apns; sourceTree = "<group>"; };
		98795AA1223B42790010CD67 /* SearchDataInterfaceController.swift */ = {isa = PBXFileReference; lastKnownFileType = sourcecode.swift; path = SearchDataInterfaceController.swift; sourceTree = "<group>"; };
		98795AA3223B43990010CD67 /* SearchDataRowController.swift */ = {isa = PBXFileReference; lastKnownFileType = sourcecode.swift; path = SearchDataRowController.swift; sourceTree = "<group>"; };
		9A6988C2D5C1DFB4E3969E89 /* Pods_EmadyTravels_WatchKit_Extension.framework */ = {isa = PBXFileReference; explicitFileType = wrapper.framework; includeInIndex = 0; path = Pods_EmadyTravels_WatchKit_Extension.framework; sourceTree = BUILT_PRODUCTS_DIR; };
		A6087E30411AC2BD87FEA391 /* Pods_EmadyTravels_WatchKit_App.framework */ = {isa = PBXFileReference; explicitFileType = wrapper.framework; includeInIndex = 0; path = Pods_EmadyTravels_WatchKit_App.framework; sourceTree = BUILT_PRODUCTS_DIR; };
		CD0715795678D9FCE42FE2F8 /* Pods-EmadyTravels WatchKit Extension.release.xcconfig */ = {isa = PBXFileReference; includeInIndex = 1; lastKnownFileType = text.xcconfig; name = "Pods-EmadyTravels WatchKit Extension.release.xcconfig"; path = "Target Support Files/Pods-EmadyTravels WatchKit Extension/Pods-EmadyTravels WatchKit Extension.release.xcconfig"; sourceTree = "<group>"; };
		E0A7D40A547C712149F14F5A /* Pods-EmadyTravels WatchKit Extension.debug.xcconfig */ = {isa = PBXFileReference; includeInIndex = 1; lastKnownFileType = text.xcconfig; name = "Pods-EmadyTravels WatchKit Extension.debug.xcconfig"; path = "Target Support Files/Pods-EmadyTravels WatchKit Extension/Pods-EmadyTravels WatchKit Extension.debug.xcconfig"; sourceTree = "<group>"; };
		E5672D15325A1E2BDDD23046 /* Pods-EmadyTravels WatchKit App.release.xcconfig */ = {isa = PBXFileReference; includeInIndex = 1; lastKnownFileType = text.xcconfig; name = "Pods-EmadyTravels WatchKit App.release.xcconfig"; path = "Target Support Files/Pods-EmadyTravels WatchKit App/Pods-EmadyTravels WatchKit App.release.xcconfig"; sourceTree = "<group>"; };
/* End PBXFileReference section */

/* Begin PBXFrameworksBuildPhase section */
		4B22322D044954C5CE28B96E /* Frameworks */ = {
			isa = PBXFrameworksBuildPhase;
			buildActionMask = 2147483647;
			files = (
				6A1A58AD2E933BD2267B1CC5 /* Pods_EmadyTravels_WatchKit_App.framework in Frameworks */,
			);
			runOnlyForDeploymentPostprocessing = 0;
		};
		983A029F22394BB30087C25F /* Frameworks */ = {
			isa = PBXFrameworksBuildPhase;
			buildActionMask = 2147483647;
			files = (
				2271D44799C35485EBDDC96F /* Pods_EmadyTravels.framework in Frameworks */,
			);
			runOnlyForDeploymentPostprocessing = 0;
		};
		983A02C022394BB60087C25F /* Frameworks */ = {
			isa = PBXFrameworksBuildPhase;
			buildActionMask = 2147483647;
			files = (
				A9EE3E482AB40B314AFD4602 /* Pods_EmadyTravels_WatchKit_Extension.framework in Frameworks */,
			);
			runOnlyForDeploymentPostprocessing = 0;
		};
/* End PBXFrameworksBuildPhase section */

/* Begin PBXGroup section */
		983A029922394BB30087C25F = {
			isa = PBXGroup;
			children = (
				983A02A422394BB30087C25F /* EmadyTravels */,
				983A02B822394BB50087C25F /* EmadyTravels WatchKit App */,
				983A02C722394BB60087C25F /* EmadyTravels WatchKit Extension */,
				983A02A322394BB30087C25F /* Products */,
				FACB9663D946AAEEBBEDEDA2 /* Pods */,
				9BE3F0EB96426F6B00E3E601 /* Frameworks */,
			);
			sourceTree = "<group>";
		};
		983A02A322394BB30087C25F /* Products */ = {
			isa = PBXGroup;
			children = (
				983A02A222394BB30087C25F /* EmadyTravels.app */,
				983A02B422394BB50087C25F /* EmadyTravels WatchKit App.app */,
				983A02C322394BB60087C25F /* EmadyTravels WatchKit Extension.appex */,
			);
			name = Products;
			sourceTree = "<group>";
		};
		983A02A422394BB30087C25F /* EmadyTravels */ = {
			isa = PBXGroup;
			children = (
				983A02A522394BB30087C25F /* AppDelegate.swift */,
				983A02A722394BB30087C25F /* ViewController.swift */,
				983A02A922394BB30087C25F /* Main.storyboard */,
				983A02AC22394BB50087C25F /* Assets.xcassets */,
				983A02AE22394BB50087C25F /* LaunchScreen.storyboard */,
				983A02B122394BB50087C25F /* Info.plist */,
			);
			path = EmadyTravels;
			sourceTree = "<group>";
		};
		983A02B822394BB50087C25F /* EmadyTravels WatchKit App */ = {
			isa = PBXGroup;
			children = (
				983A02B922394BB50087C25F /* Interface.storyboard */,
				983A02BC22394BB60087C25F /* Assets.xcassets */,
				983A02BE22394BB60087C25F /* Info.plist */,
			);
			path = "EmadyTravels WatchKit App";
			sourceTree = "<group>";
		};
		983A02C722394BB60087C25F /* EmadyTravels WatchKit Extension */ = {
			isa = PBXGroup;
			children = (
				983A02C822394BB60087C25F /* InterfaceController.swift */,
				983A02CA22394BB60087C25F /* ExtensionDelegate.swift */,
				983A02CC22394BB60087C25F /* NotificationController.swift */,
				983A02CE22394BB60087C25F /* ComplicationController.swift */,
				983A02D022394BB70087C25F /* Assets.xcassets */,
				983A02D222394BB70087C25F /* Info.plist */,
				983A02D322394BB70087C25F /* PushNotificationPayload.apns */,
				98795AA1223B42790010CD67 /* SearchDataInterfaceController.swift */,
				98795AA3223B43990010CD67 /* SearchDataRowController.swift */,
			);
			path = "EmadyTravels WatchKit Extension";
			sourceTree = "<group>";
		};
		9BE3F0EB96426F6B00E3E601 /* Frameworks */ = {
			isa = PBXGroup;
			children = (
				0B9C499791CED04F3026F79E /* Pods_EmadyTravels.framework */,
				A6087E30411AC2BD87FEA391 /* Pods_EmadyTravels_WatchKit_App.framework */,
				9A6988C2D5C1DFB4E3969E89 /* Pods_EmadyTravels_WatchKit_Extension.framework */,
			);
			name = Frameworks;
			sourceTree = "<group>";
		};
		FACB9663D946AAEEBBEDEDA2 /* Pods */ = {
			isa = PBXGroup;
			children = (
				8AA10E986BB9E6B94E0E8508 /* Pods-EmadyTravels.debug.xcconfig */,
				576E8A32E9FE06279143EC50 /* Pods-EmadyTravels.release.xcconfig */,
				1FE86660C3BF23ED8FC9974F /* Pods-EmadyTravels WatchKit App.debug.xcconfig */,
				E5672D15325A1E2BDDD23046 /* Pods-EmadyTravels WatchKit App.release.xcconfig */,
				E0A7D40A547C712149F14F5A /* Pods-EmadyTravels WatchKit Extension.debug.xcconfig */,
				CD0715795678D9FCE42FE2F8 /* Pods-EmadyTravels WatchKit Extension.release.xcconfig */,
			);
			path = Pods;
			sourceTree = "<group>";
		};
/* End PBXGroup section */

/* Begin PBXNativeTarget section */
		983A02A122394BB30087C25F /* EmadyTravels */ = {
			isa = PBXNativeTarget;
			buildConfigurationList = 983A02DE22394BB70087C25F /* Build configuration list for PBXNativeTarget "EmadyTravels" */;
			buildPhases = (
				B5A1C9C6E0CAA53E4CFB7F25 /* [CP] Check Pods Manifest.lock */,
				983A029E22394BB30087C25F /* Sources */,
				983A029F22394BB30087C25F /* Frameworks */,
				983A02A022394BB30087C25F /* Resources */,
				983A02DD22394BB70087C25F /* Embed Watch Content */,
				1FD815A59F97DAC7FE85D750 /* [CP] Embed Pods Frameworks */,
			);
			buildRules = (
			);
			dependencies = (
				983A02B722394BB50087C25F /* PBXTargetDependency */,
			);
			name = EmadyTravels;
			productName = EmadyTravels;
			productReference = 983A02A222394BB30087C25F /* EmadyTravels.app */;
			productType = "com.apple.product-type.application";
		};
		983A02B322394BB50087C25F /* EmadyTravels WatchKit App */ = {
			isa = PBXNativeTarget;
			buildConfigurationList = 983A02DA22394BB70087C25F /* Build configuration list for PBXNativeTarget "EmadyTravels WatchKit App" */;
			buildPhases = (
				4083993415F1C32107DDD29A /* [CP] Check Pods Manifest.lock */,
				983A02B222394BB50087C25F /* Resources */,
				983A02D922394BB70087C25F /* Embed App Extensions */,
				4B22322D044954C5CE28B96E /* Frameworks */,
			);
			buildRules = (
			);
			dependencies = (
				983A02C622394BB60087C25F /* PBXTargetDependency */,
			);
			name = "EmadyTravels WatchKit App";
			productName = "EmadyTravels WatchKit App";
			productReference = 983A02B422394BB50087C25F /* EmadyTravels WatchKit App.app */;
			productType = "com.apple.product-type.application.watchapp2";
		};
		983A02C222394BB60087C25F /* EmadyTravels WatchKit Extension */ = {
			isa = PBXNativeTarget;
			buildConfigurationList = 983A02D622394BB70087C25F /* Build configuration list for PBXNativeTarget "EmadyTravels WatchKit Extension" */;
			buildPhases = (
				FFBD26022593FAAD15FCE962 /* [CP] Check Pods Manifest.lock */,
				983A02BF22394BB60087C25F /* Sources */,
				983A02C022394BB60087C25F /* Frameworks */,
				983A02C122394BB60087C25F /* Resources */,
				A71EE080029C8F51D140E814 /* [CP] Embed Pods Frameworks */,
			);
			buildRules = (
			);
			dependencies = (
			);
			name = "EmadyTravels WatchKit Extension";
			productName = "EmadyTravels WatchKit Extension";
			productReference = 983A02C322394BB60087C25F /* EmadyTravels WatchKit Extension.appex */;
			productType = "com.apple.product-type.watchkit2-extension";
		};
/* End PBXNativeTarget section */

/* Begin PBXProject section */
		983A029A22394BB30087C25F /* Project object */ = {
			isa = PBXProject;
			attributes = {
				LastSwiftUpdateCheck = 1010;
				LastUpgradeCheck = 1010;
				ORGANIZATIONNAME = MacStudent;
				TargetAttributes = {
					983A02A122394BB30087C25F = {
						CreatedOnToolsVersion = 10.1;
					};
					983A02B322394BB50087C25F = {
						CreatedOnToolsVersion = 10.1;
					};
					983A02C222394BB60087C25F = {
						CreatedOnToolsVersion = 10.1;
					};
				};
			};
			buildConfigurationList = 983A029D22394BB30087C25F /* Build configuration list for PBXProject "EmadyTravels" */;
			compatibilityVersion = "Xcode 9.3";
			developmentRegion = en;
			hasScannedForEncodings = 0;
			knownRegions = (
				en,
				Base,
			);
			mainGroup = 983A029922394BB30087C25F;
			productRefGroup = 983A02A322394BB30087C25F /* Products */;
			projectDirPath = "";
			projectRoot = "";
			targets = (
				983A02A122394BB30087C25F /* EmadyTravels */,
				983A02B322394BB50087C25F /* EmadyTravels WatchKit App */,
				983A02C222394BB60087C25F /* EmadyTravels WatchKit Extension */,
			);
		};
/* End PBXProject section */

/* Begin PBXResourcesBuildPhase section */
		983A02A022394BB30087C25F /* Resources */ = {
			isa = PBXResourcesBuildPhase;
			buildActionMask = 2147483647;
			files = (
				983A02B022394BB50087C25F /* LaunchScreen.storyboard in Resources */,
				983A02AD22394BB50087C25F /* Assets.xcassets in Resources */,
				983A02AB22394BB30087C25F /* Main.storyboard in Resources */,
			);
			runOnlyForDeploymentPostprocessing = 0;
		};
		983A02B222394BB50087C25F /* Resources */ = {
			isa = PBXResourcesBuildPhase;
			buildActionMask = 2147483647;
			files = (
				983A02BD22394BB60087C25F /* Assets.xcassets in Resources */,
				983A02BB22394BB50087C25F /* Interface.storyboard in Resources */,
			);
			runOnlyForDeploymentPostprocessing = 0;
		};
		983A02C122394BB60087C25F /* Resources */ = {
			isa = PBXResourcesBuildPhase;
			buildActionMask = 2147483647;
			files = (
				983A02D122394BB70087C25F /* Assets.xcassets in Resources */,
			);
			runOnlyForDeploymentPostprocessing = 0;
		};
/* End PBXResourcesBuildPhase section */

/* Begin PBXShellScriptBuildPhase section */
		1FD815A59F97DAC7FE85D750 /* [CP] Embed Pods Frameworks */ = {
			isa = PBXShellScriptBuildPhase;
			buildActionMask = 2147483647;
			files = (
			);
			inputFileListPaths = (
			);
			inputPaths = (
				"${PODS_ROOT}/Target Support Files/Pods-EmadyTravels/Pods-EmadyTravels-frameworks.sh",
				"${BUILT_PRODUCTS_DIR}/Alamofire-iOS/Alamofire.framework",
				"${BUILT_PRODUCTS_DIR}/SwiftyJSON-iOS/SwiftyJSON.framework",
			);
			name = "[CP] Embed Pods Frameworks";
			outputFileListPaths = (
			);
			outputPaths = (
				"${TARGET_BUILD_DIR}/${FRAMEWORKS_FOLDER_PATH}/Alamofire.framework",
				"${TARGET_BUILD_DIR}/${FRAMEWORKS_FOLDER_PATH}/SwiftyJSON.framework",
			);
			runOnlyForDeploymentPostprocessing = 0;
			shellPath = /bin/sh;
			shellScript = "\"${PODS_ROOT}/Target Support Files/Pods-EmadyTravels/Pods-EmadyTravels-frameworks.sh\"\n";
			showEnvVarsInLog = 0;
		};
		4083993415F1C32107DDD29A /* [CP] Check Pods Manifest.lock */ = {
			isa = PBXShellScriptBuildPhase;
			buildActionMask = 2147483647;
			files = (
			);
			inputFileListPaths = (
			);
			inputPaths = (
				"${PODS_PODFILE_DIR_PATH}/Podfile.lock",
				"${PODS_ROOT}/Manifest.lock",
			);
			name = "[CP] Check Pods Manifest.lock";
			outputFileListPaths = (
			);
			outputPaths = (
				"$(DERIVED_FILE_DIR)/Pods-EmadyTravels WatchKit App-checkManifestLockResult.txt",
			);
			runOnlyForDeploymentPostprocessing = 0;
			shellPath = /bin/sh;
			shellScript = "diff \"${PODS_PODFILE_DIR_PATH}/Podfile.lock\" \"${PODS_ROOT}/Manifest.lock\" > /dev/null\nif [ $? != 0 ] ; then\n    # print error to STDERR\n    echo \"error: The sandbox is not in sync with the Podfile.lock. Run 'pod install' or update your CocoaPods installation.\" >&2\n    exit 1\nfi\n# This output is used by Xcode 'outputs' to avoid re-running this script phase.\necho \"SUCCESS\" > \"${SCRIPT_OUTPUT_FILE_0}\"\n";
			showEnvVarsInLog = 0;
		};
		A71EE080029C8F51D140E814 /* [CP] Embed Pods Frameworks */ = {
			isa = PBXShellScriptBuildPhase;
			buildActionMask = 2147483647;
			files = (
			);
			inputFileListPaths = (
			);
			inputPaths = (
				"${PODS_ROOT}/Target Support Files/Pods-EmadyTravels WatchKit Extension/Pods-EmadyTravels WatchKit Extension-frameworks.sh",
				"${BUILT_PRODUCTS_DIR}/Alamofire-watchOS/Alamofire.framework",
				"${BUILT_PRODUCTS_DIR}/SwiftyJSON-watchOS/SwiftyJSON.framework",
			);
			name = "[CP] Embed Pods Frameworks";
			outputFileListPaths = (
			);
			outputPaths = (
				"${TARGET_BUILD_DIR}/${FRAMEWORKS_FOLDER_PATH}/Alamofire.framework",
				"${TARGET_BUILD_DIR}/${FRAMEWORKS_FOLDER_PATH}/SwiftyJSON.framework",
			);
			runOnlyForDeploymentPostprocessing = 0;
			shellPath = /bin/sh;
			shellScript = "\"${PODS_ROOT}/Target Support Files/Pods-EmadyTravels WatchKit Extension/Pods-EmadyTravels WatchKit Extension-frameworks.sh\"\n";
			showEnvVarsInLog = 0;
		};
		B5A1C9C6E0CAA53E4CFB7F25 /* [CP] Check Pods Manifest.lock */ = {
			isa = PBXShellScriptBuildPhase;
			buildActionMask = 2147483647;
			files = (
			);
			inputFileListPaths = (
			);
			inputPaths = (
				"${PODS_PODFILE_DIR_PATH}/Podfile.lock",
				"${PODS_ROOT}/Manifest.lock",
			);
			name = "[CP] Check Pods Manifest.lock";
			outputFileListPaths = (
			);
			outputPaths = (
				"$(DERIVED_FILE_DIR)/Pods-EmadyTravels-checkManifestLockResult.txt",
			);
			runOnlyForDeploymentPostprocessing = 0;
			shellPath = /bin/sh;
			shellScript = "diff \"${PODS_PODFILE_DIR_PATH}/Podfile.lock\" \"${PODS_ROOT}/Manifest.lock\" > /dev/null\nif [ $? != 0 ] ; then\n    # print error to STDERR\n    echo \"error: The sandbox is not in sync with the Podfile.lock. Run 'pod install' or update your CocoaPods installation.\" >&2\n    exit 1\nfi\n# This output is used by Xcode 'outputs' to avoid re-running this script phase.\necho \"SUCCESS\" > \"${SCRIPT_OUTPUT_FILE_0}\"\n";
			showEnvVarsInLog = 0;
		};
		FFBD26022593FAAD15FCE962 /* [CP] Check Pods Manifest.lock */ = {
			isa = PBXShellScriptBuildPhase;
			buildActionMask = 2147483647;
			files = (
			);
			inputFileListPaths = (
			);
			inputPaths = (
				"${PODS_PODFILE_DIR_PATH}/Podfile.lock",
				"${PODS_ROOT}/Manifest.lock",
			);
			name = "[CP] Check Pods Manifest.lock";
			outputFileListPaths = (
			);
			outputPaths = (
				"$(DERIVED_FILE_DIR)/Pods-EmadyTravels WatchKit Extension-checkManifestLockResult.txt",
			);
			runOnlyForDeploymentPostprocessing = 0;
			shellPath = /bin/sh;
			shellScript = "diff \"${PODS_PODFILE_DIR_PATH}/Podfile.lock\" \"${PODS_ROOT}/Manifest.lock\" > /dev/null\nif [ $? != 0 ] ; then\n    # print error to STDERR\n    echo \"error: The sandbox is not in sync with the Podfile.lock. Run 'pod install' or update your CocoaPods installation.\" >&2\n    exit 1\nfi\n# This output is used by Xcode 'outputs' to avoid re-running this script phase.\necho \"SUCCESS\" > \"${SCRIPT_OUTPUT_FILE_0}\"\n";
			showEnvVarsInLog = 0;
		};
/* End PBXShellScriptBuildPhase section */

/* Begin PBXSourcesBuildPhase section */
		983A029E22394BB30087C25F /* Sources */ = {
			isa = PBXSourcesBuildPhase;
			buildActionMask = 2147483647;
			files = (
				983A02A822394BB30087C25F /* ViewController.swift in Sources */,
				983A02A622394BB30087C25F /* AppDelegate.swift in Sources */,
			);
			runOnlyForDeploymentPostprocessing = 0;
		};
		983A02BF22394BB60087C25F /* Sources */ = {
			isa = PBXSourcesBuildPhase;
			buildActionMask = 2147483647;
			files = (
				983A02CD22394BB60087C25F /* NotificationController.swift in Sources */,
				983A02CF22394BB60087C25F /* ComplicationController.swift in Sources */,
				98795AA4223B43990010CD67 /* SearchDataRowController.swift in Sources */,
				983A02CB22394BB60087C25F /* ExtensionDelegate.swift in Sources */,
				983A02C922394BB60087C25F /* InterfaceController.swift in Sources */,
				98795AA2223B42790010CD67 /* SearchDataInterfaceController.swift in Sources */,
			);
			runOnlyForDeploymentPostprocessing = 0;
		};
/* End PBXSourcesBuildPhase section */

/* Begin PBXTargetDependency section */
		983A02B722394BB50087C25F /* PBXTargetDependency */ = {
			isa = PBXTargetDependency;
			target = 983A02B322394BB50087C25F /* EmadyTravels WatchKit App */;
			targetProxy = 983A02B622394BB50087C25F /* PBXContainerItemProxy */;
		};
		983A02C622394BB60087C25F /* PBXTargetDependency */ = {
			isa = PBXTargetDependency;
			target = 983A02C222394BB60087C25F /* EmadyTravels WatchKit Extension */;
			targetProxy = 983A02C522394BB60087C25F /* PBXContainerItemProxy */;
		};
/* End PBXTargetDependency section */

/* Begin PBXVariantGroup section */
		983A02A922394BB30087C25F /* Main.storyboard */ = {
			isa = PBXVariantGroup;
			children = (
				983A02AA22394BB30087C25F /* Base */,
			);
			name = Main.storyboard;
			sourceTree = "<group>";
		};
		983A02AE22394BB50087C25F /* LaunchScreen.storyboard */ = {
			isa = PBXVariantGroup;
			children = (
				983A02AF22394BB50087C25F /* Base */,
			);
			name = LaunchScreen.storyboard;
			sourceTree = "<group>";
		};
		983A02B922394BB50087C25F /* Interface.storyboard */ = {
			isa = PBXVariantGroup;
			children = (
				983A02BA22394BB50087C25F /* Base */,
			);
			name = Interface.storyboard;
			sourceTree = "<group>";
		};
/* End PBXVariantGroup section */

/* Begin XCBuildConfiguration section */
		983A02D422394BB70087C25F /* Debug */ = {
			isa = XCBuildConfiguration;
			buildSettings = {
				ALWAYS_SEARCH_USER_PATHS = NO;
				CLANG_ANALYZER_NONNULL = YES;
				CLANG_ANALYZER_NUMBER_OBJECT_CONVERSION = YES_AGGRESSIVE;
				CLANG_CXX_LANGUAGE_STANDARD = "gnu++14";
				CLANG_CXX_LIBRARY = "libc++";
				CLANG_ENABLE_MODULES = YES;
				CLANG_ENABLE_OBJC_ARC = YES;
				CLANG_ENABLE_OBJC_WEAK = YES;
				CLANG_WARN_BLOCK_CAPTURE_AUTORELEASING = YES;
				CLANG_WARN_BOOL_CONVERSION = YES;
				CLANG_WARN_COMMA = YES;
				CLANG_WARN_CONSTANT_CONVERSION = YES;
				CLANG_WARN_DEPRECATED_OBJC_IMPLEMENTATIONS = YES;
				CLANG_WARN_DIRECT_OBJC_ISA_USAGE = YES_ERROR;
				CLANG_WARN_DOCUMENTATION_COMMENTS = YES;
				CLANG_WARN_EMPTY_BODY = YES;
				CLANG_WARN_ENUM_CONVERSION = YES;
				CLANG_WARN_INFINITE_RECURSION = YES;
				CLANG_WARN_INT_CONVERSION = YES;
				CLANG_WARN_NON_LITERAL_NULL_CONVERSION = YES;
				CLANG_WARN_OBJC_IMPLICIT_RETAIN_SELF = YES;
				CLANG_WARN_OBJC_LITERAL_CONVERSION = YES;
				CLANG_WARN_OBJC_ROOT_CLASS = YES_ERROR;
				CLANG_WARN_RANGE_LOOP_ANALYSIS = YES;
				CLANG_WARN_STRICT_PROTOTYPES = YES;
				CLANG_WARN_SUSPICIOUS_MOVE = YES;
				CLANG_WARN_UNGUARDED_AVAILABILITY = YES_AGGRESSIVE;
				CLANG_WARN_UNREACHABLE_CODE = YES;
				CLANG_WARN__DUPLICATE_METHOD_MATCH = YES;
				CODE_SIGN_IDENTITY = "iPhone Developer";
				COPY_PHASE_STRIP = NO;
				DEBUG_INFORMATION_FORMAT = dwarf;
				ENABLE_STRICT_OBJC_MSGSEND = YES;
				ENABLE_TESTABILITY = YES;
				GCC_C_LANGUAGE_STANDARD = gnu11;
				GCC_DYNAMIC_NO_PIC = NO;
				GCC_NO_COMMON_BLOCKS = YES;
				GCC_OPTIMIZATION_LEVEL = 0;
				GCC_PREPROCESSOR_DEFINITIONS = (
					"DEBUG=1",
					"$(inherited)",
				);
				GCC_WARN_64_TO_32_BIT_CONVERSION = YES;
				GCC_WARN_ABOUT_RETURN_TYPE = YES_ERROR;
				GCC_WARN_UNDECLARED_SELECTOR = YES;
				GCC_WARN_UNINITIALIZED_AUTOS = YES_AGGRESSIVE;
				GCC_WARN_UNUSED_FUNCTION = YES;
				GCC_WARN_UNUSED_VARIABLE = YES;
				IPHONEOS_DEPLOYMENT_TARGET = 12.1;
				MTL_ENABLE_DEBUG_INFO = INCLUDE_SOURCE;
				MTL_FAST_MATH = YES;
				ONLY_ACTIVE_ARCH = YES;
				SDKROOT = iphoneos;
				SWIFT_ACTIVE_COMPILATION_CONDITIONS = DEBUG;
				SWIFT_OPTIMIZATION_LEVEL = "-Onone";
			};
			name = Debug;
		};
		983A02D522394BB70087C25F /* Release */ = {
			isa = XCBuildConfiguration;
			buildSettings = {
				ALWAYS_SEARCH_USER_PATHS = NO;
				CLANG_ANALYZER_NONNULL = YES;
				CLANG_ANALYZER_NUMBER_OBJECT_CONVERSION = YES_AGGRESSIVE;
				CLANG_CXX_LANGUAGE_STANDARD = "gnu++14";
				CLANG_CXX_LIBRARY = "libc++";
				CLANG_ENABLE_MODULES = YES;
				CLANG_ENABLE_OBJC_ARC = YES;
				CLANG_ENABLE_OBJC_WEAK = YES;
				CLANG_WARN_BLOCK_CAPTURE_AUTORELEASING = YES;
				CLANG_WARN_BOOL_CONVERSION = YES;
				CLANG_WARN_COMMA = YES;
				CLANG_WARN_CONSTANT_CONVERSION = YES;
				CLANG_WARN_DEPRECATED_OBJC_IMPLEMENTATIONS = YES;
				CLANG_WARN_DIRECT_OBJC_ISA_USAGE = YES_ERROR;
				CLANG_WARN_DOCUMENTATION_COMMENTS = YES;
				CLANG_WARN_EMPTY_BODY = YES;
				CLANG_WARN_ENUM_CONVERSION = YES;
				CLANG_WARN_INFINITE_RECURSION = YES;
				CLANG_WARN_INT_CONVERSION = YES;
				CLANG_WARN_NON_LITERAL_NULL_CONVERSION = YES;
				CLANG_WARN_OBJC_IMPLICIT_RETAIN_SELF = YES;
				CLANG_WARN_OBJC_LITERAL_CONVERSION = YES;
				CLANG_WARN_OBJC_ROOT_CLASS = YES_ERROR;
				CLANG_WARN_RANGE_LOOP_ANALYSIS = YES;
				CLANG_WARN_STRICT_PROTOTYPES = YES;
				CLANG_WARN_SUSPICIOUS_MOVE = YES;
				CLANG_WARN_UNGUARDED_AVAILABILITY = YES_AGGRESSIVE;
				CLANG_WARN_UNREACHABLE_CODE = YES;
				CLANG_WARN__DUPLICATE_METHOD_MATCH = YES;
				CODE_SIGN_IDENTITY = "iPhone Developer";
				COPY_PHASE_STRIP = NO;
				DEBUG_INFORMATION_FORMAT = "dwarf-with-dsym";
				ENABLE_NS_ASSERTIONS = NO;
				ENABLE_STRICT_OBJC_MSGSEND = YES;
				GCC_C_LANGUAGE_STANDARD = gnu11;
				GCC_NO_COMMON_BLOCKS = YES;
				GCC_WARN_64_TO_32_BIT_CONVERSION = YES;
				GCC_WARN_ABOUT_RETURN_TYPE = YES_ERROR;
				GCC_WARN_UNDECLARED_SELECTOR = YES;
				GCC_WARN_UNINITIALIZED_AUTOS = YES_AGGRESSIVE;
				GCC_WARN_UNUSED_FUNCTION = YES;
				GCC_WARN_UNUSED_VARIABLE = YES;
				IPHONEOS_DEPLOYMENT_TARGET = 12.1;
				MTL_ENABLE_DEBUG_INFO = NO;
				MTL_FAST_MATH = YES;
				SDKROOT = iphoneos;
				SWIFT_COMPILATION_MODE = wholemodule;
				SWIFT_OPTIMIZATION_LEVEL = "-O";
				VALIDATE_PRODUCT = YES;
			};
			name = Release;
		};
		983A02D722394BB70087C25F /* Debug */ = {
			isa = XCBuildConfiguration;
			baseConfigurationReference = E0A7D40A547C712149F14F5A /* Pods-EmadyTravels WatchKit Extension.debug.xcconfig */;
			buildSettings = {
				ASSETCATALOG_COMPILER_COMPLICATION_NAME = Complication;
				CODE_SIGN_STYLE = Automatic;
				INFOPLIST_FILE = "EmadyTravels WatchKit Extension/Info.plist";
				LD_RUNPATH_SEARCH_PATHS = (
					"$(inherited)",
					"@executable_path/Frameworks",
					"@executable_path/../../Frameworks",
				);
				PRODUCT_BUNDLE_IDENTIFIER = CestarCollege.EmadyTravels.watchkitapp.watchkitextension;
				PRODUCT_NAME = "${TARGET_NAME}";
				SDKROOT = watchos;
				SKIP_INSTALL = YES;
				SWIFT_VERSION = 4.2;
				TARGETED_DEVICE_FAMILY = 4;
				WATCHOS_DEPLOYMENT_TARGET = 5.1;
			};
			name = Debug;
		};
		983A02D822394BB70087C25F /* Release */ = {
			isa = XCBuildConfiguration;
			baseConfigurationReference = CD0715795678D9FCE42FE2F8 /* Pods-EmadyTravels WatchKit Extension.release.xcconfig */;
			buildSettings = {
				ASSETCATALOG_COMPILER_COMPLICATION_NAME = Complication;
				CODE_SIGN_STYLE = Automatic;
				INFOPLIST_FILE = "EmadyTravels WatchKit Extension/Info.plist";
				LD_RUNPATH_SEARCH_PATHS = (
					"$(inherited)",
					"@executable_path/Frameworks",
					"@executable_path/../../Frameworks",
				);
				PRODUCT_BUNDLE_IDENTIFIER = CestarCollege.EmadyTravels.watchkitapp.watchkitextension;
				PRODUCT_NAME = "${TARGET_NAME}";
				SDKROOT = watchos;
				SKIP_INSTALL = YES;
				SWIFT_VERSION = 4.2;
				TARGETED_DEVICE_FAMILY = 4;
				WATCHOS_DEPLOYMENT_TARGET = 5.1;
			};
			name = Release;
		};
		983A02DB22394BB70087C25F /* Debug */ = {
			isa = XCBuildConfiguration;
			baseConfigurationReference = 1FE86660C3BF23ED8FC9974F /* Pods-EmadyTravels WatchKit App.debug.xcconfig */;
			buildSettings = {
				ALWAYS_EMBED_SWIFT_STANDARD_LIBRARIES = YES;
				ASSETCATALOG_COMPILER_APPICON_NAME = AppIcon;
				CODE_SIGN_STYLE = Automatic;
				IBSC_MODULE = EmadyTravels_WatchKit_Extension;
				INFOPLIST_FILE = "EmadyTravels WatchKit App/Info.plist";
				PRODUCT_BUNDLE_IDENTIFIER = CestarCollege.EmadyTravels.watchkitapp;
				PRODUCT_NAME = "$(TARGET_NAME)";
				SDKROOT = watchos;
				SKIP_INSTALL = YES;
				SWIFT_VERSION = 4.2;
				TARGETED_DEVICE_FAMILY = 4;
				WATCHOS_DEPLOYMENT_TARGET = 5.1;
			};
			name = Debug;
		};
		983A02DC22394BB70087C25F /* Release */ = {
			isa = XCBuildConfiguration;
			baseConfigurationReference = E5672D15325A1E2BDDD23046 /* Pods-EmadyTravels WatchKit App.release.xcconfig */;
			buildSettings = {
				ALWAYS_EMBED_SWIFT_STANDARD_LIBRARIES = YES;
				ASSETCATALOG_COMPILER_APPICON_NAME = AppIcon;
				CODE_SIGN_STYLE = Automatic;
				IBSC_MODULE = EmadyTravels_WatchKit_Extension;
				INFOPLIST_FILE = "EmadyTravels WatchKit App/Info.plist";
				PRODUCT_BUNDLE_IDENTIFIER = CestarCollege.EmadyTravels.watchkitapp;
				PRODUCT_NAME = "$(TARGET_NAME)";
				SDKROOT = watchos;
				SKIP_INSTALL = YES;
				SWIFT_VERSION = 4.2;
				TARGETED_DEVICE_FAMILY = 4;
				WATCHOS_DEPLOYMENT_TARGET = 5.1;
			};
			name = Release;
		};
		983A02DF22394BB70087C25F /* Debug */ = {
			isa = XCBuildConfiguration;
			baseConfigurationReference = 8AA10E986BB9E6B94E0E8508 /* Pods-EmadyTravels.debug.xcconfig */;
			buildSettings = {
				ASSETCATALOG_COMPILER_APPICON_NAME = AppIcon;
				CODE_SIGN_STYLE = Automatic;
				INFOPLIST_FILE = EmadyTravels/Info.plist;
				LD_RUNPATH_SEARCH_PATHS = (
					"$(inherited)",
					"@executable_path/Frameworks",
				);
				PRODUCT_BUNDLE_IDENTIFIER = CestarCollege.EmadyTravels;
				PRODUCT_NAME = "$(TARGET_NAME)";
				SWIFT_VERSION = 4.2;
				TARGETED_DEVICE_FAMILY = "1,2";
			};
			name = Debug;
		};
		983A02E022394BB70087C25F /* Release */ = {
			isa = XCBuildConfiguration;
			baseConfigurationReference = 576E8A32E9FE06279143EC50 /* Pods-EmadyTravels.release.xcconfig */;
			buildSettings = {
				ASSETCATALOG_COMPILER_APPICON_NAME = AppIcon;
				CODE_SIGN_STYLE = Automatic;
				INFOPLIST_FILE = EmadyTravels/Info.plist;
				LD_RUNPATH_SEARCH_PATHS = (
					"$(inherited)",
					"@executable_path/Frameworks",
				);
				PRODUCT_BUNDLE_IDENTIFIER = CestarCollege.EmadyTravels;
				PRODUCT_NAME = "$(TARGET_NAME)";
				SWIFT_VERSION = 4.2;
				TARGETED_DEVICE_FAMILY = "1,2";
			};
			name = Release;
		};
/* End XCBuildConfiguration section */

/* Begin XCConfigurationList section */
		983A029D22394BB30087C25F /* Build configuration list for PBXProject "EmadyTravels" */ = {
			isa = XCConfigurationList;
			buildConfigurations = (
				983A02D422394BB70087C25F /* Debug */,
				983A02D522394BB70087C25F /* Release */,
			);
			defaultConfigurationIsVisible = 0;
			defaultConfigurationName = Release;
		};
		983A02D622394BB70087C25F /* Build configuration list for PBXNativeTarget "EmadyTravels WatchKit Extension" */ = {
			isa = XCConfigurationList;
			buildConfigurations = (
				983A02D722394BB70087C25F /* Debug */,
				983A02D822394BB70087C25F /* Release */,
			);
			defaultConfigurationIsVisible = 0;
			defaultConfigurationName = Release;
		};
		983A02DA22394BB70087C25F /* Build configuration list for PBXNativeTarget "EmadyTravels WatchKit App" */ = {
			isa = XCConfigurationList;
			buildConfigurations = (
				983A02DB22394BB70087C25F /* Debug */,
				983A02DC22394BB70087C25F /* Release */,
			);
			defaultConfigurationIsVisible = 0;
			defaultConfigurationName = Release;
		};
		983A02DE22394BB70087C25F /* Build configuration list for PBXNativeTarget "EmadyTravels" */ = {
			isa = XCConfigurationList;
			buildConfigurations = (
				983A02DF22394BB70087C25F /* Debug */,
				983A02E022394BB70087C25F /* Release */,
			);
			defaultConfigurationIsVisible = 0;
			defaultConfigurationName = Release;
		};
/* End XCConfigurationList section */
	};
	rootObject = 983A029A22394BB30087C25F /* Project object */;
}
